
Microsoft Visual Studio Solution File, Format Version 12.00
# Visual Studio Version 17
VisualStudioVersion = 17.8.34309.116
MinimumVisualStudioVersion = 10.0.40219.1
Project("{9A19103F-16F7-4668-BE54-9A1E7A4F7556}") = "Suvuk.Rest", "src\Suvuk.Rest\Suvuk.Rest.csproj", "{B9450C7B-E95B-4863-B673-21725DBA64B1}"
EndProject
Project("{2150E333-8FDC-42A3-9474-1A3956D46DE8}") = "src", "src", "{A2612A9E-7C64-4D39-AF6A-3BE22147951A}"
EndProject
Project("{2150E333-8FDC-42A3-9474-1A3956D46DE8}") = "tests", "tests", "{1D447D5B-6E42-4CDE-9B03-C70F9936A276}"
EndProject
Project("{9A19103F-16F7-4668-BE54-9A1E7A4F7556}") = "Suvuk.Rest.Tests", "tests\Suvuk.Rest.Tests\Suvuk.Rest.Tests.csproj", "{EADFEA63-558F-41E8-A7F9-2C8D564181C3}"
EndProject
Global
	GlobalSection(SolutionConfigurationPlatforms) = preSolution
		Debug|Any CPU = Debug|Any CPU
		Release|Any CPU = Release|Any CPU
	EndGlobalSection
	GlobalSection(ProjectConfigurationPlatforms) = postSolution
		{B9450C7B-E95B-4863-B673-21725DBA64B1}.Debug|Any CPU.ActiveCfg = Debug|Any CPU
		{B9450C7B-E95B-4863-B673-21725DBA64B1}.Debug|Any CPU.Build.0 = Debug|Any CPU
		{B9450C7B-E95B-4863-B673-21725DBA64B1}.Release|Any CPU.ActiveCfg = Release|Any CPU
		{B9450C7B-E95B-4863-B673-21725DBA64B1}.Release|Any CPU.Build.0 = Release|Any CPU
		{EADFEA63-558F-41E8-A7F9-2C8D564181C3}.Debug|Any CPU.ActiveCfg = Debug|Any CPU
		{EADFEA63-558F-41E8-A7F9-2C8D564181C3}.Debug|Any CPU.Build.0 = Debug|Any CPU
		{EADFEA63-558F-41E8-A7F9-2C8D564181C3}.Release|Any CPU.ActiveCfg = Release|Any CPU
		{EADFEA63-558F-41E8-A7F9-2C8D564181C3}.Release|Any CPU.Build.0 = Release|Any CPU
	EndGlobalSection
	GlobalSection(SolutionProperties) = preSolution
		HideSolutionNode = FALSE
	EndGlobalSection
	GlobalSection(NestedProjects) = preSolution
		{B9450C7B-E95B-4863-B673-21725DBA64B1} = {A2612A9E-7C64-4D39-AF6A-3BE22147951A}
		{EADFEA63-558F-41E8-A7F9-2C8D564181C3} = {1D447D5B-6E42-4CDE-9B03-C70F9936A276}
	EndGlobalSection
	GlobalSection(ExtensibilityGlobals) = postSolution
		SolutionGuid = {D8CFA46F-18B4-4648-A98D-E1F7B6A0985C}
	EndGlobalSection
EndGlobal
